
Microsoft Visual Studio Solution File, Format Version 12.00
# Visual Studio Version 17
VisualStudioVersion = 17.5.33414.496
MinimumVisualStudioVersion = 10.0.40219.1
Project("{FAE04EC0-301F-11D3-BF4B-00C04F79EFBC}") = "wfaDöngüler", "wfaDöngüler\wfaDöngüler.csproj", "{DD22D16A-C027-4547-B0A9-D9D7DE1DB387}"
EndProject
Global
	GlobalSection(SolutionConfigurationPlatforms) = preSolution
		Debug|Any CPU = Debug|Any CPU
		Release|Any CPU = Release|Any CPU
	EndGlobalSection
	GlobalSection(ProjectConfigurationPlatforms) = postSolution
		{DD22D16A-C027-4547-B0A9-D9D7DE1DB387}.Debug|Any CPU.ActiveCfg = Debug|Any CPU
		{DD22D16A-C027-4547-B0A9-D9D7DE1DB387}.Debug|Any CPU.Build.0 = Debug|Any CPU
		{DD22D16A-C027-4547-B0A9-D9D7DE1DB387}.Release|Any CPU.ActiveCfg = Release|Any CPU
		{DD22D16A-C027-4547-B0A9-D9D7DE1DB387}.Release|Any CPU.Build.0 = Release|Any CPU
	EndGlobalSection
	GlobalSection(SolutionProperties) = preSolution
		HideSolutionNode = FALSE
	EndGlobalSection
	GlobalSection(ExtensibilityGlobals) = postSolution
		SolutionGuid = {FCC62A3B-E9CD-47C0-8D5F-A5A894E5D890}
	EndGlobalSection
EndGlobal
